
Microsoft Visual Studio Solution File, Format Version 12.00
# Visual Studio Version 16
VisualStudioVersion = 16.0.28803.202
MinimumVisualStudioVersion = 10.0.40219.1
Project("{FAE04EC0-301F-11D3-BF4B-00C04F79EFBC}") = "TTracker", "TTracker\TTracker.csproj", "{ED3216D6-EC8E-4CD7-9AB9-A44C3FED12FB}"
EndProject
Global
	GlobalSection(SolutionConfigurationPlatforms) = preSolution
		Debug|Any CPU = Debug|Any CPU
		Release|Any CPU = Release|Any CPU
	EndGlobalSection
	GlobalSection(ProjectConfigurationPlatforms) = postSolution
		{ED3216D6-EC8E-4CD7-9AB9-A44C3FED12FB}.Debug|Any CPU.ActiveCfg = Debug|Any CPU
		{ED3216D6-EC8E-4CD7-9AB9-A44C3FED12FB}.Debug|Any CPU.Build.0 = Debug|Any CPU
		{ED3216D6-EC8E-4CD7-9AB9-A44C3FED12FB}.Release|Any CPU.ActiveCfg = Release|Any CPU
		{ED3216D6-EC8E-4CD7-9AB9-A44C3FED12FB}.Release|Any CPU.Build.0 = Release|Any CPU
	EndGlobalSection
	GlobalSection(SolutionProperties) = preSolution
		HideSolutionNode = FALSE
	EndGlobalSection
	GlobalSection(ExtensibilityGlobals) = postSolution
		SolutionGuid = {8F2333D1-ABC3-48FD-91FB-DDCD51DE6C1A}
	EndGlobalSection
EndGlobal
